
Microsoft Visual Studio Solution File, Format Version 12.00
# Visual Studio Version 17
VisualStudioVersion = 17.8.34511.84
MinimumVisualStudioVersion = 10.0.40219.1
Project("{2150E333-8FDC-42A3-9474-1A3956D46DE8}") = "Sentinel.Core", "Sentinel.Core", "{4A9A8936-FB46-485E-B954-7FBA8520C794}"
EndProject
Project("{2150E333-8FDC-42A3-9474-1A3956D46DE8}") = "src", "src", "{D2D16614-CFE0-4F72-8CB9-F95DFCF73AD1}"
EndProject
Project("{2150E333-8FDC-42A3-9474-1A3956D46DE8}") = "Sentinel.Equipment", "Sentinel.Equipment", "{4076D933-6FB0-4085-9D35-8C886C2E0D1C}"
EndProject
Project("{2150E333-8FDC-42A3-9474-1A3956D46DE8}") = "Sentinel.Identification", "Sentinel.Identification", "{D9F344D2-1A51-4DD3-BDB3-65F2EA2C41FD}"
EndProject
Project("{2150E333-8FDC-42A3-9474-1A3956D46DE8}") = "Sentinel.Maintenance", "Sentinel.Maintenance", "{C3A7658E-6713-4612-A3EE-170043FE0963}"
EndProject
Project("{2150E333-8FDC-42A3-9474-1A3956D46DE8}") = "Sentinel.Notification", "Sentinel.Notification", "{5036B0D6-11E6-4470-962D-50FB2445E642}"
EndProject
Project("{2150E333-8FDC-42A3-9474-1A3956D46DE8}") = "Sentinel.Passenger", "Sentinel.Passenger", "{B57DC14B-B55A-4607-9CA5-BFA4C9B89DF2}"
EndProject
Project("{2150E333-8FDC-42A3-9474-1A3956D46DE8}") = "Sentinel.Scheduling", "Sentinel.Scheduling", "{D4203322-7001-4971-BBA8-288D9826F081}"
EndProject
Project("{2150E333-8FDC-42A3-9474-1A3956D46DE8}") = "Sentinel.Station", "Sentinel.Station", "{90105DD0-1B07-4A33-A7B1-2B9018977B7E}"
EndProject
Project("{2150E333-8FDC-42A3-9474-1A3956D46DE8}") = "tests", "tests", "{827F86CB-2785-4610-B792-736AA0845905}"
EndProject
Project("{FAE04EC0-301F-11D3-BF4B-00C04F79EFBC}") = "Sentinal.Core", "Sentinal.Core\Sentinal.Core.csproj", "{4BE49AEB-4521-400E-A3AF-6260C5971B1D}"
EndProject
Global
	GlobalSection(SolutionConfigurationPlatforms) = preSolution
		Debug|Any CPU = Debug|Any CPU
		Release|Any CPU = Release|Any CPU
	EndGlobalSection
	GlobalSection(ProjectConfigurationPlatforms) = postSolution
		{4BE49AEB-4521-400E-A3AF-6260C5971B1D}.Debug|Any CPU.ActiveCfg = Debug|Any CPU
		{4BE49AEB-4521-400E-A3AF-6260C5971B1D}.Debug|Any CPU.Build.0 = Debug|Any CPU
		{4BE49AEB-4521-400E-A3AF-6260C5971B1D}.Release|Any CPU.ActiveCfg = Release|Any CPU
		{4BE49AEB-4521-400E-A3AF-6260C5971B1D}.Release|Any CPU.Build.0 = Release|Any CPU
	EndGlobalSection
	GlobalSection(SolutionProperties) = preSolution
		HideSolutionNode = FALSE
	EndGlobalSection
	GlobalSection(NestedProjects) = preSolution
		{4A9A8936-FB46-485E-B954-7FBA8520C794} = {D2D16614-CFE0-4F72-8CB9-F95DFCF73AD1}
		{4076D933-6FB0-4085-9D35-8C886C2E0D1C} = {D2D16614-CFE0-4F72-8CB9-F95DFCF73AD1}
		{D9F344D2-1A51-4DD3-BDB3-65F2EA2C41FD} = {D2D16614-CFE0-4F72-8CB9-F95DFCF73AD1}
		{C3A7658E-6713-4612-A3EE-170043FE0963} = {D2D16614-CFE0-4F72-8CB9-F95DFCF73AD1}
		{5036B0D6-11E6-4470-962D-50FB2445E642} = {D2D16614-CFE0-4F72-8CB9-F95DFCF73AD1}
		{B57DC14B-B55A-4607-9CA5-BFA4C9B89DF2} = {D2D16614-CFE0-4F72-8CB9-F95DFCF73AD1}
		{D4203322-7001-4971-BBA8-288D9826F081} = {D2D16614-CFE0-4F72-8CB9-F95DFCF73AD1}
		{90105DD0-1B07-4A33-A7B1-2B9018977B7E} = {D2D16614-CFE0-4F72-8CB9-F95DFCF73AD1}
		{4BE49AEB-4521-400E-A3AF-6260C5971B1D} = {4A9A8936-FB46-485E-B954-7FBA8520C794}
	EndGlobalSection
	GlobalSection(ExtensibilityGlobals) = postSolution
		SolutionGuid = {AB734B1C-4C66-4A19-AA5A-11ADC9C4B2FF}
	EndGlobalSection
EndGlobal
