
Microsoft Visual Studio Solution File, Format Version 12.00
# Visual Studio Version 17
VisualStudioVersion = 17.8.34511.84
MinimumVisualStudioVersion = 10.0.40219.1
Project("{2150E333-8FDC-42A3-9474-1A3956D46DE8}") = "Sentinel.Core", "Sentinel.Core", "{4A9A8936-FB46-485E-B954-7FBA8520C794}"
EndProject
Project("{2150E333-8FDC-42A3-9474-1A3956D46DE8}") = "src", "src", "{D2D16614-CFE0-4F72-8CB9-F95DFCF73AD1}"
EndProject
Project("{2150E333-8FDC-42A3-9474-1A3956D46DE8}") = "Sentinel.Equipment", "Sentinel.Equipment", "{4076D933-6FB0-4085-9D35-8C886C2E0D1C}"
EndProject
Project("{2150E333-8FDC-42A3-9474-1A3956D46DE8}") = "Sentinel.Identification", "Sentinel.Identification", "{D9F344D2-1A51-4DD3-BDB3-65F2EA2C41FD}"
EndProject
Project("{2150E333-8FDC-42A3-9474-1A3956D46DE8}") = "Sentinel.Maintenance", "Sentinel.Maintenance", "{C3A7658E-6713-4612-A3EE-170043FE0963}"
EndProject
Project("{2150E333-8FDC-42A3-9474-1A3956D46DE8}") = "Sentinel.Notification", "Sentinel.Notification", "{5036B0D6-11E6-4470-962D-50FB2445E642}"
EndProject
Project("{2150E333-8FDC-42A3-9474-1A3956D46DE8}") = "Sentinel.Passenger", "Sentinel.Passenger", "{B57DC14B-B55A-4607-9CA5-BFA4C9B89DF2}"
EndProject
Project("{2150E333-8FDC-42A3-9474-1A3956D46DE8}") = "Sentinel.Scheduling", "Sentinel.Scheduling", "{D4203322-7001-4971-BBA8-288D9826F081}"
EndProject
Project("{2150E333-8FDC-42A3-9474-1A3956D46DE8}") = "Sentinel.Station", "Sentinel.Station", "{90105DD0-1B07-4A33-A7B1-2B9018977B7E}"
EndProject
Project("{2150E333-8FDC-42A3-9474-1A3956D46DE8}") = "tests", "tests", "{827F86CB-2785-4610-B792-736AA0845905}"
EndProject
Project("{9A19103F-16F7-4668-BE54-9A1E7A4F7556}") = "Sentinal.Core", "Sentinal.Core\Sentinal.Core.csproj", "{4BE49AEB-4521-400E-A3AF-6260C5971B1D}"
EndProject
Project("{9A19103F-16F7-4668-BE54-9A1E7A4F7556}") = "Station.Command.API", "Station.Command.API\Station.Command.API.csproj", "{2D3B16CF-63DA-4526-87AB-926CC8459A7A}"
EndProject
Project("{9A19103F-16F7-4668-BE54-9A1E7A4F7556}") = "Station.Domain", "Station.Domain\Station.Domain.csproj", "{E904D4C0-ADB2-424D-9D93-07E96CAEDAFA}"
EndProject
Project("{9A19103F-16F7-4668-BE54-9A1E7A4F7556}") = "Station.Infrastructure", "Station.Infrastructure\Station.Infrastructure.csproj", "{EBFCC285-98A3-4D2E-A9D1-A8C5C9F63048}"
EndProject
Project("{9A19103F-16F7-4668-BE54-9A1E7A4F7556}") = "Station.Listener", "Station.Listener\Station.Listener.csproj", "{3AEA178A-2336-40E9-B56E-FFE419D5F8CE}"
EndProject
Project("{9A19103F-16F7-4668-BE54-9A1E7A4F7556}") = "Station.Query.API", "Station.Query.API\Station.Query.API.csproj", "{264C78D9-CBDC-41AE-ADAE-9E11E07C294F}"
EndProject
Project("{9A19103F-16F7-4668-BE54-9A1E7A4F7556}") = "Equipment.API", "Equipment.API\Equipment.API.csproj", "{8DCBF51C-786A-4690-81E0-DC3D59274B81}"
EndProject
Project("{9A19103F-16F7-4668-BE54-9A1E7A4F7556}") = "Equipment.Domain", "Equipment.Domain\Equipment.Domain.csproj", "{7EBCFAB6-3CA4-4BEF-9D93-838EA4C70094}"
EndProject
Project("{9A19103F-16F7-4668-BE54-9A1E7A4F7556}") = "Equipment.Infrastructure", "Equipment.Infrastructure\Equipment.Infrastructure.csproj", "{2C869FF0-B7D6-4E66-AAD5-80633A139613}"
EndProject
Project("{9A19103F-16F7-4668-BE54-9A1E7A4F7556}") = "Equipment.Listener", "Equipment.Listener\Equipment.Listener.csproj", "{CACE97F0-670B-48F1-B61B-E4539EDCBC8A}"
EndProject
Project("{9A19103F-16F7-4668-BE54-9A1E7A4F7556}") = "Equipment.Query.API", "Equipment.Query.API\Equipment.Query.API.csproj", "{A9382869-5AA9-4C5B-B685-C231CDC85BE7}"
EndProject
Project("{9A19103F-16F7-4668-BE54-9A1E7A4F7556}") = "Equipment.RetryFailback", "Equipment.RetryFailback\Equipment.RetryFailback.csproj", "{AEDE83A2-4730-47F0-8A44-E05056E4E948}"
EndProject
Project("{9A19103F-16F7-4668-BE54-9A1E7A4F7556}") = "Identification.Command.API", "Identification.Command.API\Identification.Command.API.csproj", "{33E8ADAA-BCED-43C3-A7C8-248DC157C1F4}"
EndProject
Project("{9A19103F-16F7-4668-BE54-9A1E7A4F7556}") = "Identification.Domain", "Identification.Domain\Identification.Domain.csproj", "{59359B1B-0214-4986-8443-9380BB4526E8}"
EndProject
Project("{9A19103F-16F7-4668-BE54-9A1E7A4F7556}") = "Identification.Infrastructure", "Identification.Infrastructure\Identification.Infrastructure.csproj", "{D78F5E8D-E8E6-4E26-BE5D-EADE702322BC}"
EndProject
Project("{9A19103F-16F7-4668-BE54-9A1E7A4F7556}") = "Identification.Listener", "Identification.Listener\Identification.Listener.csproj", "{A00E9C6E-F193-4FAF-807C-B21250F3C8C2}"
EndProject
Project("{9A19103F-16F7-4668-BE54-9A1E7A4F7556}") = "Identification.Query.API", "Identification.Query.API\Identification.Query.API.csproj", "{B5931DF8-DD96-4F0F-9475-BA393172A097}"
EndProject
Project("{9A19103F-16F7-4668-BE54-9A1E7A4F7556}") = "Maintenance.API", "Maintenance.API\Maintenance.API.csproj", "{E8AF7E88-0122-4BE7-B5DC-0F68F16635DB}"
EndProject
Project("{9A19103F-16F7-4668-BE54-9A1E7A4F7556}") = "Maintenance.Domain", "Maintenance.Domain\Maintenance.Domain.csproj", "{DFF4CE4F-2177-436D-A7A5-5B378A2AE181}"
EndProject
Project("{9A19103F-16F7-4668-BE54-9A1E7A4F7556}") = "Maintenance.Infrastructure", "Maintenance.Infrastructure\Maintenance.Infrastructure.csproj", "{2C014AF4-3D1F-4951-A67B-FFCEE9BB9D39}"
EndProject
Project("{9A19103F-16F7-4668-BE54-9A1E7A4F7556}") = "Maintenance.Listener", "Maintenance.Listener\Maintenance.Listener.csproj", "{BA6075B2-1A7E-41EA-8C6E-ECA604DA5FC3}"
EndProject
Project("{9A19103F-16F7-4668-BE54-9A1E7A4F7556}") = "Maintenance.Query.API", "Maintenance.Query.API\Maintenance.Query.API.csproj", "{7DE5D6FD-7FB0-4A45-9B45-AE0CEA7AC843}"
EndProject
Project("{9A19103F-16F7-4668-BE54-9A1E7A4F7556}") = "Notification.Command.API", "Notification.Command.API\Notification.Command.API.csproj", "{270DC04F-9B85-4001-9F10-B36C22C34732}"
EndProject
Project("{9A19103F-16F7-4668-BE54-9A1E7A4F7556}") = "Notification.Domain", "Notification.Domain\Notification.Domain.csproj", "{C0EA47B9-81E0-401D-B6D2-978D5E23FC5C}"
EndProject
Project("{9A19103F-16F7-4668-BE54-9A1E7A4F7556}") = "Notification.Infrastructure", "Notification.Infrastructure\Notification.Infrastructure.csproj", "{5BEEEE9D-0D8A-45E7-AFAC-00E944B67555}"
EndProject
Project("{9A19103F-16F7-4668-BE54-9A1E7A4F7556}") = "Notification.Listener", "Notification.Listener\Notification.Listener.csproj", "{600A892A-8A53-43EA-932F-C724332CA52D}"
EndProject
Project("{9A19103F-16F7-4668-BE54-9A1E7A4F7556}") = "Notification.Query.API", "Notification.Query.API\Notification.Query.API.csproj", "{9A77D68F-A68F-4F7C-BB11-B998885A1079}"
EndProject
Project("{FAE04EC0-301F-11D3-BF4B-00C04F79EFBC}") = "Passenger.Command.API", "Passenger.Command.API\Passenger.Command.API.csproj", "{ED49E070-7DEE-4D17-A313-D5A8F175D532}"
EndProject
Project("{FAE04EC0-301F-11D3-BF4B-00C04F79EFBC}") = "Passenger.Domain", "Passenger.Domain\Passenger.Domain.csproj", "{F3246484-4251-4F5F-919B-7C0239735FE7}"
EndProject
Project("{FAE04EC0-301F-11D3-BF4B-00C04F79EFBC}") = "Passenger.Infrastructure", "Passenger.Infrastructure\Passenger.Infrastructure.csproj", "{DE5E5C36-8882-4945-9B0E-43BBBD9850A1}"
EndProject
Project("{FAE04EC0-301F-11D3-BF4B-00C04F79EFBC}") = "Passenger.Listener", "Passenger.Listener\Passenger.Listener.csproj", "{89A2E001-0E62-4E9E-8906-3F44FB677EA8}"
EndProject
Project("{FAE04EC0-301F-11D3-BF4B-00C04F79EFBC}") = "Passenger.Query.API", "Passenger.Query.API\Passenger.Query.API.csproj", "{8D15CE80-EB16-44C5-8B63-C04F3A57B3EC}"
EndProject
Project("{FAE04EC0-301F-11D3-BF4B-00C04F79EFBC}") = "Scheduling.Command.API", "Scheduling.Command.API\Scheduling.Command.API.csproj", "{2B4FAEEB-8F67-4868-9BB2-1F8FAB35E660}"
EndProject
Project("{FAE04EC0-301F-11D3-BF4B-00C04F79EFBC}") = "Scheduling.Query.API", "Scheduling.Query.API\Scheduling.Query.API.csproj", "{3C32DD74-5BD2-4869-9E30-9D61602CFBC1}"
EndProject
Project("{FAE04EC0-301F-11D3-BF4B-00C04F79EFBC}") = "Schedule.Domain", "Schedule.Domain\Schedule.Domain.csproj", "{AE654CF2-A788-4B12-9CFE-334EBCBF0872}"
EndProject
Project("{FAE04EC0-301F-11D3-BF4B-00C04F79EFBC}") = "Scheduling.Infrastructure", "Scheduling.Infrastructure\Scheduling.Infrastructure.csproj", "{77A5E451-BF52-4C67-905C-A854B1AAF253}"
EndProject
Project("{FAE04EC0-301F-11D3-BF4B-00C04F79EFBC}") = "Scheduling.Listener", "Scheduling.Listener\Scheduling.Listener.csproj", "{8CFDA81B-ADA0-4385-8D5E-2F07B3398EFD}"
EndProject
Global
	GlobalSection(SolutionConfigurationPlatforms) = preSolution
		Debug|Any CPU = Debug|Any CPU
		Release|Any CPU = Release|Any CPU
	EndGlobalSection
	GlobalSection(ProjectConfigurationPlatforms) = postSolution
		{4BE49AEB-4521-400E-A3AF-6260C5971B1D}.Debug|Any CPU.ActiveCfg = Debug|Any CPU
		{4BE49AEB-4521-400E-A3AF-6260C5971B1D}.Debug|Any CPU.Build.0 = Debug|Any CPU
		{4BE49AEB-4521-400E-A3AF-6260C5971B1D}.Release|Any CPU.ActiveCfg = Release|Any CPU
		{4BE49AEB-4521-400E-A3AF-6260C5971B1D}.Release|Any CPU.Build.0 = Release|Any CPU
		{2D3B16CF-63DA-4526-87AB-926CC8459A7A}.Debug|Any CPU.ActiveCfg = Debug|Any CPU
		{2D3B16CF-63DA-4526-87AB-926CC8459A7A}.Debug|Any CPU.Build.0 = Debug|Any CPU
		{2D3B16CF-63DA-4526-87AB-926CC8459A7A}.Release|Any CPU.ActiveCfg = Release|Any CPU
		{2D3B16CF-63DA-4526-87AB-926CC8459A7A}.Release|Any CPU.Build.0 = Release|Any CPU
		{E904D4C0-ADB2-424D-9D93-07E96CAEDAFA}.Debug|Any CPU.ActiveCfg = Debug|Any CPU
		{E904D4C0-ADB2-424D-9D93-07E96CAEDAFA}.Debug|Any CPU.Build.0 = Debug|Any CPU
		{E904D4C0-ADB2-424D-9D93-07E96CAEDAFA}.Release|Any CPU.ActiveCfg = Release|Any CPU
		{E904D4C0-ADB2-424D-9D93-07E96CAEDAFA}.Release|Any CPU.Build.0 = Release|Any CPU
		{EBFCC285-98A3-4D2E-A9D1-A8C5C9F63048}.Debug|Any CPU.ActiveCfg = Debug|Any CPU
		{EBFCC285-98A3-4D2E-A9D1-A8C5C9F63048}.Debug|Any CPU.Build.0 = Debug|Any CPU
		{EBFCC285-98A3-4D2E-A9D1-A8C5C9F63048}.Release|Any CPU.ActiveCfg = Release|Any CPU
		{EBFCC285-98A3-4D2E-A9D1-A8C5C9F63048}.Release|Any CPU.Build.0 = Release|Any CPU
		{3AEA178A-2336-40E9-B56E-FFE419D5F8CE}.Debug|Any CPU.ActiveCfg = Debug|Any CPU
		{3AEA178A-2336-40E9-B56E-FFE419D5F8CE}.Debug|Any CPU.Build.0 = Debug|Any CPU
		{3AEA178A-2336-40E9-B56E-FFE419D5F8CE}.Release|Any CPU.ActiveCfg = Release|Any CPU
		{3AEA178A-2336-40E9-B56E-FFE419D5F8CE}.Release|Any CPU.Build.0 = Release|Any CPU
		{264C78D9-CBDC-41AE-ADAE-9E11E07C294F}.Debug|Any CPU.ActiveCfg = Debug|Any CPU
		{264C78D9-CBDC-41AE-ADAE-9E11E07C294F}.Debug|Any CPU.Build.0 = Debug|Any CPU
		{264C78D9-CBDC-41AE-ADAE-9E11E07C294F}.Release|Any CPU.ActiveCfg = Release|Any CPU
		{264C78D9-CBDC-41AE-ADAE-9E11E07C294F}.Release|Any CPU.Build.0 = Release|Any CPU
		{8DCBF51C-786A-4690-81E0-DC3D59274B81}.Debug|Any CPU.ActiveCfg = Debug|Any CPU
		{8DCBF51C-786A-4690-81E0-DC3D59274B81}.Debug|Any CPU.Build.0 = Debug|Any CPU
		{8DCBF51C-786A-4690-81E0-DC3D59274B81}.Release|Any CPU.ActiveCfg = Release|Any CPU
		{8DCBF51C-786A-4690-81E0-DC3D59274B81}.Release|Any CPU.Build.0 = Release|Any CPU
		{7EBCFAB6-3CA4-4BEF-9D93-838EA4C70094}.Debug|Any CPU.ActiveCfg = Debug|Any CPU
		{7EBCFAB6-3CA4-4BEF-9D93-838EA4C70094}.Debug|Any CPU.Build.0 = Debug|Any CPU
		{7EBCFAB6-3CA4-4BEF-9D93-838EA4C70094}.Release|Any CPU.ActiveCfg = Release|Any CPU
		{7EBCFAB6-3CA4-4BEF-9D93-838EA4C70094}.Release|Any CPU.Build.0 = Release|Any CPU
		{2C869FF0-B7D6-4E66-AAD5-80633A139613}.Debug|Any CPU.ActiveCfg = Debug|Any CPU
		{2C869FF0-B7D6-4E66-AAD5-80633A139613}.Debug|Any CPU.Build.0 = Debug|Any CPU
		{2C869FF0-B7D6-4E66-AAD5-80633A139613}.Release|Any CPU.ActiveCfg = Release|Any CPU
		{2C869FF0-B7D6-4E66-AAD5-80633A139613}.Release|Any CPU.Build.0 = Release|Any CPU
		{CACE97F0-670B-48F1-B61B-E4539EDCBC8A}.Debug|Any CPU.ActiveCfg = Debug|Any CPU
		{CACE97F0-670B-48F1-B61B-E4539EDCBC8A}.Debug|Any CPU.Build.0 = Debug|Any CPU
		{CACE97F0-670B-48F1-B61B-E4539EDCBC8A}.Release|Any CPU.ActiveCfg = Release|Any CPU
		{CACE97F0-670B-48F1-B61B-E4539EDCBC8A}.Release|Any CPU.Build.0 = Release|Any CPU
		{A9382869-5AA9-4C5B-B685-C231CDC85BE7}.Debug|Any CPU.ActiveCfg = Debug|Any CPU
		{A9382869-5AA9-4C5B-B685-C231CDC85BE7}.Debug|Any CPU.Build.0 = Debug|Any CPU
		{A9382869-5AA9-4C5B-B685-C231CDC85BE7}.Release|Any CPU.ActiveCfg = Release|Any CPU
		{A9382869-5AA9-4C5B-B685-C231CDC85BE7}.Release|Any CPU.Build.0 = Release|Any CPU
		{AEDE83A2-4730-47F0-8A44-E05056E4E948}.Debug|Any CPU.ActiveCfg = Debug|Any CPU
		{AEDE83A2-4730-47F0-8A44-E05056E4E948}.Debug|Any CPU.Build.0 = Debug|Any CPU
		{AEDE83A2-4730-47F0-8A44-E05056E4E948}.Release|Any CPU.ActiveCfg = Release|Any CPU
		{AEDE83A2-4730-47F0-8A44-E05056E4E948}.Release|Any CPU.Build.0 = Release|Any CPU
		{33E8ADAA-BCED-43C3-A7C8-248DC157C1F4}.Debug|Any CPU.ActiveCfg = Debug|Any CPU
		{33E8ADAA-BCED-43C3-A7C8-248DC157C1F4}.Debug|Any CPU.Build.0 = Debug|Any CPU
		{33E8ADAA-BCED-43C3-A7C8-248DC157C1F4}.Release|Any CPU.ActiveCfg = Release|Any CPU
		{33E8ADAA-BCED-43C3-A7C8-248DC157C1F4}.Release|Any CPU.Build.0 = Release|Any CPU
		{59359B1B-0214-4986-8443-9380BB4526E8}.Debug|Any CPU.ActiveCfg = Debug|Any CPU
		{59359B1B-0214-4986-8443-9380BB4526E8}.Debug|Any CPU.Build.0 = Debug|Any CPU
		{59359B1B-0214-4986-8443-9380BB4526E8}.Release|Any CPU.ActiveCfg = Release|Any CPU
		{59359B1B-0214-4986-8443-9380BB4526E8}.Release|Any CPU.Build.0 = Release|Any CPU
		{D78F5E8D-E8E6-4E26-BE5D-EADE702322BC}.Debug|Any CPU.ActiveCfg = Debug|Any CPU
		{D78F5E8D-E8E6-4E26-BE5D-EADE702322BC}.Debug|Any CPU.Build.0 = Debug|Any CPU
		{D78F5E8D-E8E6-4E26-BE5D-EADE702322BC}.Release|Any CPU.ActiveCfg = Release|Any CPU
		{D78F5E8D-E8E6-4E26-BE5D-EADE702322BC}.Release|Any CPU.Build.0 = Release|Any CPU
		{A00E9C6E-F193-4FAF-807C-B21250F3C8C2}.Debug|Any CPU.ActiveCfg = Debug|Any CPU
		{A00E9C6E-F193-4FAF-807C-B21250F3C8C2}.Debug|Any CPU.Build.0 = Debug|Any CPU
		{A00E9C6E-F193-4FAF-807C-B21250F3C8C2}.Release|Any CPU.ActiveCfg = Release|Any CPU
		{A00E9C6E-F193-4FAF-807C-B21250F3C8C2}.Release|Any CPU.Build.0 = Release|Any CPU
		{B5931DF8-DD96-4F0F-9475-BA393172A097}.Debug|Any CPU.ActiveCfg = Debug|Any CPU
		{B5931DF8-DD96-4F0F-9475-BA393172A097}.Debug|Any CPU.Build.0 = Debug|Any CPU
		{B5931DF8-DD96-4F0F-9475-BA393172A097}.Release|Any CPU.ActiveCfg = Release|Any CPU
		{B5931DF8-DD96-4F0F-9475-BA393172A097}.Release|Any CPU.Build.0 = Release|Any CPU
		{E8AF7E88-0122-4BE7-B5DC-0F68F16635DB}.Debug|Any CPU.ActiveCfg = Debug|Any CPU
		{E8AF7E88-0122-4BE7-B5DC-0F68F16635DB}.Debug|Any CPU.Build.0 = Debug|Any CPU
		{E8AF7E88-0122-4BE7-B5DC-0F68F16635DB}.Release|Any CPU.ActiveCfg = Release|Any CPU
		{E8AF7E88-0122-4BE7-B5DC-0F68F16635DB}.Release|Any CPU.Build.0 = Release|Any CPU
		{DFF4CE4F-2177-436D-A7A5-5B378A2AE181}.Debug|Any CPU.ActiveCfg = Debug|Any CPU
		{DFF4CE4F-2177-436D-A7A5-5B378A2AE181}.Debug|Any CPU.Build.0 = Debug|Any CPU
		{DFF4CE4F-2177-436D-A7A5-5B378A2AE181}.Release|Any CPU.ActiveCfg = Release|Any CPU
		{DFF4CE4F-2177-436D-A7A5-5B378A2AE181}.Release|Any CPU.Build.0 = Release|Any CPU
		{2C014AF4-3D1F-4951-A67B-FFCEE9BB9D39}.Debug|Any CPU.ActiveCfg = Debug|Any CPU
		{2C014AF4-3D1F-4951-A67B-FFCEE9BB9D39}.Debug|Any CPU.Build.0 = Debug|Any CPU
		{2C014AF4-3D1F-4951-A67B-FFCEE9BB9D39}.Release|Any CPU.ActiveCfg = Release|Any CPU
		{2C014AF4-3D1F-4951-A67B-FFCEE9BB9D39}.Release|Any CPU.Build.0 = Release|Any CPU
		{BA6075B2-1A7E-41EA-8C6E-ECA604DA5FC3}.Debug|Any CPU.ActiveCfg = Debug|Any CPU
		{BA6075B2-1A7E-41EA-8C6E-ECA604DA5FC3}.Debug|Any CPU.Build.0 = Debug|Any CPU
		{BA6075B2-1A7E-41EA-8C6E-ECA604DA5FC3}.Release|Any CPU.ActiveCfg = Release|Any CPU
		{BA6075B2-1A7E-41EA-8C6E-ECA604DA5FC3}.Release|Any CPU.Build.0 = Release|Any CPU
		{7DE5D6FD-7FB0-4A45-9B45-AE0CEA7AC843}.Debug|Any CPU.ActiveCfg = Debug|Any CPU
		{7DE5D6FD-7FB0-4A45-9B45-AE0CEA7AC843}.Debug|Any CPU.Build.0 = Debug|Any CPU
		{7DE5D6FD-7FB0-4A45-9B45-AE0CEA7AC843}.Release|Any CPU.ActiveCfg = Release|Any CPU
		{7DE5D6FD-7FB0-4A45-9B45-AE0CEA7AC843}.Release|Any CPU.Build.0 = Release|Any CPU
		{270DC04F-9B85-4001-9F10-B36C22C34732}.Debug|Any CPU.ActiveCfg = Debug|Any CPU
		{270DC04F-9B85-4001-9F10-B36C22C34732}.Debug|Any CPU.Build.0 = Debug|Any CPU
		{270DC04F-9B85-4001-9F10-B36C22C34732}.Release|Any CPU.ActiveCfg = Release|Any CPU
		{270DC04F-9B85-4001-9F10-B36C22C34732}.Release|Any CPU.Build.0 = Release|Any CPU
		{C0EA47B9-81E0-401D-B6D2-978D5E23FC5C}.Debug|Any CPU.ActiveCfg = Debug|Any CPU
		{C0EA47B9-81E0-401D-B6D2-978D5E23FC5C}.Debug|Any CPU.Build.0 = Debug|Any CPU
		{C0EA47B9-81E0-401D-B6D2-978D5E23FC5C}.Release|Any CPU.ActiveCfg = Release|Any CPU
		{C0EA47B9-81E0-401D-B6D2-978D5E23FC5C}.Release|Any CPU.Build.0 = Release|Any CPU
		{5BEEEE9D-0D8A-45E7-AFAC-00E944B67555}.Debug|Any CPU.ActiveCfg = Debug|Any CPU
		{5BEEEE9D-0D8A-45E7-AFAC-00E944B67555}.Debug|Any CPU.Build.0 = Debug|Any CPU
		{5BEEEE9D-0D8A-45E7-AFAC-00E944B67555}.Release|Any CPU.ActiveCfg = Release|Any CPU
		{5BEEEE9D-0D8A-45E7-AFAC-00E944B67555}.Release|Any CPU.Build.0 = Release|Any CPU
		{600A892A-8A53-43EA-932F-C724332CA52D}.Debug|Any CPU.ActiveCfg = Debug|Any CPU
		{600A892A-8A53-43EA-932F-C724332CA52D}.Debug|Any CPU.Build.0 = Debug|Any CPU
		{600A892A-8A53-43EA-932F-C724332CA52D}.Release|Any CPU.ActiveCfg = Release|Any CPU
		{600A892A-8A53-43EA-932F-C724332CA52D}.Release|Any CPU.Build.0 = Release|Any CPU
		{9A77D68F-A68F-4F7C-BB11-B998885A1079}.Debug|Any CPU.ActiveCfg = Debug|Any CPU
		{9A77D68F-A68F-4F7C-BB11-B998885A1079}.Debug|Any CPU.Build.0 = Debug|Any CPU
		{9A77D68F-A68F-4F7C-BB11-B998885A1079}.Release|Any CPU.ActiveCfg = Release|Any CPU
		{9A77D68F-A68F-4F7C-BB11-B998885A1079}.Release|Any CPU.Build.0 = Release|Any CPU
		{ED49E070-7DEE-4D17-A313-D5A8F175D532}.Debug|Any CPU.ActiveCfg = Debug|Any CPU
		{ED49E070-7DEE-4D17-A313-D5A8F175D532}.Debug|Any CPU.Build.0 = Debug|Any CPU
		{ED49E070-7DEE-4D17-A313-D5A8F175D532}.Release|Any CPU.ActiveCfg = Release|Any CPU
		{ED49E070-7DEE-4D17-A313-D5A8F175D532}.Release|Any CPU.Build.0 = Release|Any CPU
		{F3246484-4251-4F5F-919B-7C0239735FE7}.Debug|Any CPU.ActiveCfg = Debug|Any CPU
		{F3246484-4251-4F5F-919B-7C0239735FE7}.Debug|Any CPU.Build.0 = Debug|Any CPU
		{F3246484-4251-4F5F-919B-7C0239735FE7}.Release|Any CPU.ActiveCfg = Release|Any CPU
		{F3246484-4251-4F5F-919B-7C0239735FE7}.Release|Any CPU.Build.0 = Release|Any CPU
		{DE5E5C36-8882-4945-9B0E-43BBBD9850A1}.Debug|Any CPU.ActiveCfg = Debug|Any CPU
		{DE5E5C36-8882-4945-9B0E-43BBBD9850A1}.Debug|Any CPU.Build.0 = Debug|Any CPU
		{DE5E5C36-8882-4945-9B0E-43BBBD9850A1}.Release|Any CPU.ActiveCfg = Release|Any CPU
		{DE5E5C36-8882-4945-9B0E-43BBBD9850A1}.Release|Any CPU.Build.0 = Release|Any CPU
		{89A2E001-0E62-4E9E-8906-3F44FB677EA8}.Debug|Any CPU.ActiveCfg = Debug|Any CPU
		{89A2E001-0E62-4E9E-8906-3F44FB677EA8}.Debug|Any CPU.Build.0 = Debug|Any CPU
		{89A2E001-0E62-4E9E-8906-3F44FB677EA8}.Release|Any CPU.ActiveCfg = Release|Any CPU
		{89A2E001-0E62-4E9E-8906-3F44FB677EA8}.Release|Any CPU.Build.0 = Release|Any CPU
		{8D15CE80-EB16-44C5-8B63-C04F3A57B3EC}.Debug|Any CPU.ActiveCfg = Debug|Any CPU
		{8D15CE80-EB16-44C5-8B63-C04F3A57B3EC}.Debug|Any CPU.Build.0 = Debug|Any CPU
		{8D15CE80-EB16-44C5-8B63-C04F3A57B3EC}.Release|Any CPU.ActiveCfg = Release|Any CPU
		{8D15CE80-EB16-44C5-8B63-C04F3A57B3EC}.Release|Any CPU.Build.0 = Release|Any CPU
		{2B4FAEEB-8F67-4868-9BB2-1F8FAB35E660}.Debug|Any CPU.ActiveCfg = Debug|Any CPU
		{2B4FAEEB-8F67-4868-9BB2-1F8FAB35E660}.Debug|Any CPU.Build.0 = Debug|Any CPU
		{2B4FAEEB-8F67-4868-9BB2-1F8FAB35E660}.Release|Any CPU.ActiveCfg = Release|Any CPU
		{2B4FAEEB-8F67-4868-9BB2-1F8FAB35E660}.Release|Any CPU.Build.0 = Release|Any CPU
		{3C32DD74-5BD2-4869-9E30-9D61602CFBC1}.Debug|Any CPU.ActiveCfg = Debug|Any CPU
		{3C32DD74-5BD2-4869-9E30-9D61602CFBC1}.Debug|Any CPU.Build.0 = Debug|Any CPU
		{3C32DD74-5BD2-4869-9E30-9D61602CFBC1}.Release|Any CPU.ActiveCfg = Release|Any CPU
		{3C32DD74-5BD2-4869-9E30-9D61602CFBC1}.Release|Any CPU.Build.0 = Release|Any CPU
		{AE654CF2-A788-4B12-9CFE-334EBCBF0872}.Debug|Any CPU.ActiveCfg = Debug|Any CPU
		{AE654CF2-A788-4B12-9CFE-334EBCBF0872}.Debug|Any CPU.Build.0 = Debug|Any CPU
		{AE654CF2-A788-4B12-9CFE-334EBCBF0872}.Release|Any CPU.ActiveCfg = Release|Any CPU
		{AE654CF2-A788-4B12-9CFE-334EBCBF0872}.Release|Any CPU.Build.0 = Release|Any CPU
		{77A5E451-BF52-4C67-905C-A854B1AAF253}.Debug|Any CPU.ActiveCfg = Debug|Any CPU
		{77A5E451-BF52-4C67-905C-A854B1AAF253}.Debug|Any CPU.Build.0 = Debug|Any CPU
		{77A5E451-BF52-4C67-905C-A854B1AAF253}.Release|Any CPU.ActiveCfg = Release|Any CPU
		{77A5E451-BF52-4C67-905C-A854B1AAF253}.Release|Any CPU.Build.0 = Release|Any CPU
		{8CFDA81B-ADA0-4385-8D5E-2F07B3398EFD}.Debug|Any CPU.ActiveCfg = Debug|Any CPU
		{8CFDA81B-ADA0-4385-8D5E-2F07B3398EFD}.Debug|Any CPU.Build.0 = Debug|Any CPU
		{8CFDA81B-ADA0-4385-8D5E-2F07B3398EFD}.Release|Any CPU.ActiveCfg = Release|Any CPU
		{8CFDA81B-ADA0-4385-8D5E-2F07B3398EFD}.Release|Any CPU.Build.0 = Release|Any CPU
	EndGlobalSection
	GlobalSection(SolutionProperties) = preSolution
		HideSolutionNode = FALSE
	EndGlobalSection
	GlobalSection(NestedProjects) = preSolution
		{4A9A8936-FB46-485E-B954-7FBA8520C794} = {D2D16614-CFE0-4F72-8CB9-F95DFCF73AD1}
		{4076D933-6FB0-4085-9D35-8C886C2E0D1C} = {D2D16614-CFE0-4F72-8CB9-F95DFCF73AD1}
		{D9F344D2-1A51-4DD3-BDB3-65F2EA2C41FD} = {D2D16614-CFE0-4F72-8CB9-F95DFCF73AD1}
		{C3A7658E-6713-4612-A3EE-170043FE0963} = {D2D16614-CFE0-4F72-8CB9-F95DFCF73AD1}
		{5036B0D6-11E6-4470-962D-50FB2445E642} = {D2D16614-CFE0-4F72-8CB9-F95DFCF73AD1}
		{B57DC14B-B55A-4607-9CA5-BFA4C9B89DF2} = {D2D16614-CFE0-4F72-8CB9-F95DFCF73AD1}
		{D4203322-7001-4971-BBA8-288D9826F081} = {D2D16614-CFE0-4F72-8CB9-F95DFCF73AD1}
		{90105DD0-1B07-4A33-A7B1-2B9018977B7E} = {D2D16614-CFE0-4F72-8CB9-F95DFCF73AD1}
		{4BE49AEB-4521-400E-A3AF-6260C5971B1D} = {4A9A8936-FB46-485E-B954-7FBA8520C794}
		{2D3B16CF-63DA-4526-87AB-926CC8459A7A} = {90105DD0-1B07-4A33-A7B1-2B9018977B7E}
		{E904D4C0-ADB2-424D-9D93-07E96CAEDAFA} = {90105DD0-1B07-4A33-A7B1-2B9018977B7E}
		{EBFCC285-98A3-4D2E-A9D1-A8C5C9F63048} = {90105DD0-1B07-4A33-A7B1-2B9018977B7E}
		{3AEA178A-2336-40E9-B56E-FFE419D5F8CE} = {90105DD0-1B07-4A33-A7B1-2B9018977B7E}
		{264C78D9-CBDC-41AE-ADAE-9E11E07C294F} = {90105DD0-1B07-4A33-A7B1-2B9018977B7E}
		{8DCBF51C-786A-4690-81E0-DC3D59274B81} = {4076D933-6FB0-4085-9D35-8C886C2E0D1C}
		{7EBCFAB6-3CA4-4BEF-9D93-838EA4C70094} = {4076D933-6FB0-4085-9D35-8C886C2E0D1C}
		{2C869FF0-B7D6-4E66-AAD5-80633A139613} = {4076D933-6FB0-4085-9D35-8C886C2E0D1C}
		{CACE97F0-670B-48F1-B61B-E4539EDCBC8A} = {4076D933-6FB0-4085-9D35-8C886C2E0D1C}
		{A9382869-5AA9-4C5B-B685-C231CDC85BE7} = {4076D933-6FB0-4085-9D35-8C886C2E0D1C}
		{AEDE83A2-4730-47F0-8A44-E05056E4E948} = {4076D933-6FB0-4085-9D35-8C886C2E0D1C}
		{33E8ADAA-BCED-43C3-A7C8-248DC157C1F4} = {D9F344D2-1A51-4DD3-BDB3-65F2EA2C41FD}
		{59359B1B-0214-4986-8443-9380BB4526E8} = {D9F344D2-1A51-4DD3-BDB3-65F2EA2C41FD}
		{D78F5E8D-E8E6-4E26-BE5D-EADE702322BC} = {D9F344D2-1A51-4DD3-BDB3-65F2EA2C41FD}
		{A00E9C6E-F193-4FAF-807C-B21250F3C8C2} = {D9F344D2-1A51-4DD3-BDB3-65F2EA2C41FD}
		{B5931DF8-DD96-4F0F-9475-BA393172A097} = {D9F344D2-1A51-4DD3-BDB3-65F2EA2C41FD}
		{E8AF7E88-0122-4BE7-B5DC-0F68F16635DB} = {C3A7658E-6713-4612-A3EE-170043FE0963}
		{DFF4CE4F-2177-436D-A7A5-5B378A2AE181} = {C3A7658E-6713-4612-A3EE-170043FE0963}
		{2C014AF4-3D1F-4951-A67B-FFCEE9BB9D39} = {C3A7658E-6713-4612-A3EE-170043FE0963}
		{BA6075B2-1A7E-41EA-8C6E-ECA604DA5FC3} = {C3A7658E-6713-4612-A3EE-170043FE0963}
		{7DE5D6FD-7FB0-4A45-9B45-AE0CEA7AC843} = {C3A7658E-6713-4612-A3EE-170043FE0963}
		{270DC04F-9B85-4001-9F10-B36C22C34732} = {5036B0D6-11E6-4470-962D-50FB2445E642}
		{C0EA47B9-81E0-401D-B6D2-978D5E23FC5C} = {5036B0D6-11E6-4470-962D-50FB2445E642}
		{5BEEEE9D-0D8A-45E7-AFAC-00E944B67555} = {5036B0D6-11E6-4470-962D-50FB2445E642}
		{600A892A-8A53-43EA-932F-C724332CA52D} = {5036B0D6-11E6-4470-962D-50FB2445E642}
		{9A77D68F-A68F-4F7C-BB11-B998885A1079} = {5036B0D6-11E6-4470-962D-50FB2445E642}
		{ED49E070-7DEE-4D17-A313-D5A8F175D532} = {B57DC14B-B55A-4607-9CA5-BFA4C9B89DF2}
		{F3246484-4251-4F5F-919B-7C0239735FE7} = {B57DC14B-B55A-4607-9CA5-BFA4C9B89DF2}
		{DE5E5C36-8882-4945-9B0E-43BBBD9850A1} = {B57DC14B-B55A-4607-9CA5-BFA4C9B89DF2}
		{89A2E001-0E62-4E9E-8906-3F44FB677EA8} = {B57DC14B-B55A-4607-9CA5-BFA4C9B89DF2}
		{8D15CE80-EB16-44C5-8B63-C04F3A57B3EC} = {B57DC14B-B55A-4607-9CA5-BFA4C9B89DF2}
		{2B4FAEEB-8F67-4868-9BB2-1F8FAB35E660} = {D4203322-7001-4971-BBA8-288D9826F081}
		{3C32DD74-5BD2-4869-9E30-9D61602CFBC1} = {D4203322-7001-4971-BBA8-288D9826F081}
		{AE654CF2-A788-4B12-9CFE-334EBCBF0872} = {D4203322-7001-4971-BBA8-288D9826F081}
		{77A5E451-BF52-4C67-905C-A854B1AAF253} = {D4203322-7001-4971-BBA8-288D9826F081}
		{8CFDA81B-ADA0-4385-8D5E-2F07B3398EFD} = {D4203322-7001-4971-BBA8-288D9826F081}
	EndGlobalSection
	GlobalSection(ExtensibilityGlobals) = postSolution
		SolutionGuid = {AB734B1C-4C66-4A19-AA5A-11ADC9C4B2FF}
	EndGlobalSection
EndGlobal
